{
  "meteor": {},
  "dependencies": {
    "basePackages": {
      "fast-render": {},
      "typescript-libs": {
        "git": "https://github.com/orefalo/meteor-typescript-libs.git",
        "tag": "v0.8.3.0"
      },
      "tsc": {}
    },
    "packages": {
      "fast-render": {
        "git": "https://github.com/arunoda/meteor-fast-render.git",
        "tag": "v1.0.0",
        "commit": "acbc04982025fe78cebb8865b5a04689741d4b0b"
      },
      "typescript-libs": {
        "git": "https://github.com/orefalo/meteor-typescript-libs.git",
        "tag": "v0.8.3.0",
        "commit": "ec079126f6ec4ea7e37c88622aa56ac4e2836b19"
      },
      "tsc": {
        "git": "https://github.com/jasonparekh/meteor-tsc.git",
        "tag": "v1.0.9",
        "commit": "994deaf7d174a404fec48002927d38c5cb03a8bc"
      }
    }
  }
}
